
Microsoft Visual Studio Solution File, Format Version 12.00
# Visual Studio 15
VisualStudioVersion = 15.0.28010.2016
MinimumVisualStudioVersion = 10.0.40219.1
Project("{9A19103F-16F7-4668-BE54-9A1E7A4F7556}") = "SpearSoft.Games.Dicey.GameEngine", "SpearSoft.Games.Dicey.GameEngine\SpearSoft.Games.Dicey.GameEngine.csproj", "{2BCA7C2C-5E01-4894-A044-3C625BEFA2C2}"
EndProject
Project("{9A19103F-16F7-4668-BE54-9A1E7A4F7556}") = "SpearSoft.Games.Dicey.Console", "SpearSoft.Games.Dicey.Console\SpearSoft.Games.Dicey.Console.csproj", "{339E75BF-DEE5-4B86-8D78-C1522CBFECCE}"
EndProject
Project("{9A19103F-16F7-4668-BE54-9A1E7A4F7556}") = "SpearSoft.Games.Dicey.GameEngine.Tests", "SpearSoft.Games.Dicey.GameEngine.Tests\SpearSoft.Games.Dicey.GameEngine.Tests.csproj", "{115EC41C-81F4-4685-9CF7-92FB3443F9B8}"
EndProject
Global
	GlobalSection(SolutionConfigurationPlatforms) = preSolution
		Debug|Any CPU = Debug|Any CPU
		Release|Any CPU = Release|Any CPU
	EndGlobalSection
	GlobalSection(ProjectConfigurationPlatforms) = postSolution
		{2BCA7C2C-5E01-4894-A044-3C625BEFA2C2}.Debug|Any CPU.ActiveCfg = Debug|Any CPU
		{2BCA7C2C-5E01-4894-A044-3C625BEFA2C2}.Debug|Any CPU.Build.0 = Debug|Any CPU
		{2BCA7C2C-5E01-4894-A044-3C625BEFA2C2}.Release|Any CPU.ActiveCfg = Release|Any CPU
		{2BCA7C2C-5E01-4894-A044-3C625BEFA2C2}.Release|Any CPU.Build.0 = Release|Any CPU
		{339E75BF-DEE5-4B86-8D78-C1522CBFECCE}.Debug|Any CPU.ActiveCfg = Debug|Any CPU
		{339E75BF-DEE5-4B86-8D78-C1522CBFECCE}.Debug|Any CPU.Build.0 = Debug|Any CPU
		{339E75BF-DEE5-4B86-8D78-C1522CBFECCE}.Release|Any CPU.ActiveCfg = Release|Any CPU
		{339E75BF-DEE5-4B86-8D78-C1522CBFECCE}.Release|Any CPU.Build.0 = Release|Any CPU
		{115EC41C-81F4-4685-9CF7-92FB3443F9B8}.Debug|Any CPU.ActiveCfg = Debug|Any CPU
		{115EC41C-81F4-4685-9CF7-92FB3443F9B8}.Debug|Any CPU.Build.0 = Debug|Any CPU
		{115EC41C-81F4-4685-9CF7-92FB3443F9B8}.Release|Any CPU.ActiveCfg = Release|Any CPU
		{115EC41C-81F4-4685-9CF7-92FB3443F9B8}.Release|Any CPU.Build.0 = Release|Any CPU
	EndGlobalSection
	GlobalSection(SolutionProperties) = preSolution
		HideSolutionNode = FALSE
	EndGlobalSection
	GlobalSection(ExtensibilityGlobals) = postSolution
		SolutionGuid = {6C779761-4BC7-4B0B-B935-DBD0FA56004A}
	EndGlobalSection
EndGlobal
